
Microsoft Visual Studio Solution File, Format Version 12.00
Project("{FAE04EC0-301F-11D3-BF4B-00C04F79EFBC}") = "GithubStudy", "GithubStudy\GithubStudy.csproj", "{2952C716-8667-4CF1-B70D-2020D77518DF}"
EndProject
Global
	GlobalSection(SolutionConfigurationPlatforms) = preSolution
		Debug|Any CPU = Debug|Any CPU
		Release|Any CPU = Release|Any CPU
	EndGlobalSection
	GlobalSection(ProjectConfigurationPlatforms) = postSolution
		{2952C716-8667-4CF1-B70D-2020D77518DF}.Debug|Any CPU.ActiveCfg = Debug|Any CPU
		{2952C716-8667-4CF1-B70D-2020D77518DF}.Debug|Any CPU.Build.0 = Debug|Any CPU
		{2952C716-8667-4CF1-B70D-2020D77518DF}.Release|Any CPU.ActiveCfg = Release|Any CPU
		{2952C716-8667-4CF1-B70D-2020D77518DF}.Release|Any CPU.Build.0 = Release|Any CPU
	EndGlobalSection
EndGlobal
